
Microsoft Visual Studio Solution File, Format Version 12.00
# Visual Studio Version 17
VisualStudioVersion = 17.14.36127.28
MinimumVisualStudioVersion = 10.0.40219.1
Project("{FAE04EC0-301F-11D3-BF4B-00C04F79EFBC}") = "SE1_work1", "SE1_work1.csproj", "{E49BC8EA-A459-4509-B40E-7BAE3B10F8F5}"
EndProject
Project("{FAE04EC0-301F-11D3-BF4B-00C04F79EFBC}") = "TestProject1", "..\TestProject1\TestProject1.csproj", "{014DDA99-A6F9-48B1-B973-994D681D7FED}"
EndProject
Global
	GlobalSection(SolutionConfigurationPlatforms) = preSolution
		Debug|Any CPU = Debug|Any CPU
		Release|Any CPU = Release|Any CPU
	EndGlobalSection
	GlobalSection(ProjectConfigurationPlatforms) = postSolution
		{E49BC8EA-A459-4509-B40E-7BAE3B10F8F5}.Debug|Any CPU.ActiveCfg = Debug|Any CPU
		{E49BC8EA-A459-4509-B40E-7BAE3B10F8F5}.Debug|Any CPU.Build.0 = Debug|Any CPU
		{E49BC8EA-A459-4509-B40E-7BAE3B10F8F5}.Release|Any CPU.ActiveCfg = Release|Any CPU
		{E49BC8EA-A459-4509-B40E-7BAE3B10F8F5}.Release|Any CPU.Build.0 = Release|Any CPU
		{014DDA99-A6F9-48B1-B973-994D681D7FED}.Debug|Any CPU.ActiveCfg = Debug|Any CPU
		{014DDA99-A6F9-48B1-B973-994D681D7FED}.Debug|Any CPU.Build.0 = Debug|Any CPU
		{014DDA99-A6F9-48B1-B973-994D681D7FED}.Release|Any CPU.ActiveCfg = Release|Any CPU
		{014DDA99-A6F9-48B1-B973-994D681D7FED}.Release|Any CPU.Build.0 = Release|Any CPU
	EndGlobalSection
	GlobalSection(SolutionProperties) = preSolution
		HideSolutionNode = FALSE
	EndGlobalSection
	GlobalSection(ExtensibilityGlobals) = postSolution
		SolutionGuid = {A4E49DE6-D726-4F27-8DA8-4865D2E64EB3}
	EndGlobalSection
EndGlobal
